
Microsoft Visual Studio Solution File, Format Version 12.00
# Visual Studio Version 16
VisualStudioVersion = 16.0.30503.244
MinimumVisualStudioVersion = 10.0.40219.1
Project("{FAE04EC0-301F-11D3-BF4B-00C04F79EFBC}") = "CalculatorASP", "CalculatorASP\CalculatorASP.csproj", "{863D385F-D5FA-4D6F-95A6-C459E839ED56}"
EndProject
Global
	GlobalSection(SolutionConfigurationPlatforms) = preSolution
		Debug|Any CPU = Debug|Any CPU
		Release|Any CPU = Release|Any CPU
	EndGlobalSection
	GlobalSection(ProjectConfigurationPlatforms) = postSolution
		{863D385F-D5FA-4D6F-95A6-C459E839ED56}.Debug|Any CPU.ActiveCfg = Debug|Any CPU
		{863D385F-D5FA-4D6F-95A6-C459E839ED56}.Debug|Any CPU.Build.0 = Debug|Any CPU
		{863D385F-D5FA-4D6F-95A6-C459E839ED56}.Release|Any CPU.ActiveCfg = Release|Any CPU
		{863D385F-D5FA-4D6F-95A6-C459E839ED56}.Release|Any CPU.Build.0 = Release|Any CPU
	EndGlobalSection
	GlobalSection(SolutionProperties) = preSolution
		HideSolutionNode = FALSE
	EndGlobalSection
	GlobalSection(ExtensibilityGlobals) = postSolution
		SolutionGuid = {4880F761-3092-45A7-AE2D-28FAF2DD6931}
	EndGlobalSection
EndGlobal
